
Microsoft Visual Studio Solution File, Format Version 12.00
# Visual Studio Version 17
VisualStudioVersion = 17.7.34031.279
MinimumVisualStudioVersion = 10.0.40219.1
Project("{9A19103F-16F7-4668-BE54-9A1E7A4F7556}") = "spa-project", "spa-project.csproj", "{2F6B4ACE-8131-4BF2-B328-3471949D9752}"
EndProject
Global
	GlobalSection(SolutionConfigurationPlatforms) = preSolution
		Debug|Any CPU = Debug|Any CPU
		Release|Any CPU = Release|Any CPU
	EndGlobalSection
	GlobalSection(ProjectConfigurationPlatforms) = postSolution
		{2F6B4ACE-8131-4BF2-B328-3471949D9752}.Debug|Any CPU.ActiveCfg = Debug|Any CPU
		{2F6B4ACE-8131-4BF2-B328-3471949D9752}.Debug|Any CPU.Build.0 = Debug|Any CPU
		{2F6B4ACE-8131-4BF2-B328-3471949D9752}.Release|Any CPU.ActiveCfg = Release|Any CPU
		{2F6B4ACE-8131-4BF2-B328-3471949D9752}.Release|Any CPU.Build.0 = Release|Any CPU
	EndGlobalSection
	GlobalSection(SolutionProperties) = preSolution
		HideSolutionNode = FALSE
	EndGlobalSection
	GlobalSection(ExtensibilityGlobals) = postSolution
		SolutionGuid = {7C2C7F7A-D1B0-4D6F-A1C7-BE7786336480}
	EndGlobalSection
EndGlobal
